
Microsoft Visual Studio Solution File, Format Version 12.00
# Visual Studio Version 16
VisualStudioVersion = 16.0.31702.278
MinimumVisualStudioVersion = 10.0.40219.1
Project("{8BC9CEB8-8B4A-11D0-8D11-00A0C91BC942}") = "2_test_10_18", "2_test_10_18\2_test_10_18.vcxproj", "{6D8A285A-C13E-49C0-A317-7BC11AB488CC}"
EndProject
Global
	GlobalSection(SolutionConfigurationPlatforms) = preSolution
		Debug|x64 = Debug|x64
		Debug|x86 = Debug|x86
		Release|x64 = Release|x64
		Release|x86 = Release|x86
	EndGlobalSection
	GlobalSection(ProjectConfigurationPlatforms) = postSolution
		{6D8A285A-C13E-49C0-A317-7BC11AB488CC}.Debug|x64.ActiveCfg = Debug|x64
		{6D8A285A-C13E-49C0-A317-7BC11AB488CC}.Debug|x64.Build.0 = Debug|x64
		{6D8A285A-C13E-49C0-A317-7BC11AB488CC}.Debug|x86.ActiveCfg = Debug|Win32
		{6D8A285A-C13E-49C0-A317-7BC11AB488CC}.Debug|x86.Build.0 = Debug|Win32
		{6D8A285A-C13E-49C0-A317-7BC11AB488CC}.Release|x64.ActiveCfg = Release|x64
		{6D8A285A-C13E-49C0-A317-7BC11AB488CC}.Release|x64.Build.0 = Release|x64
		{6D8A285A-C13E-49C0-A317-7BC11AB488CC}.Release|x86.ActiveCfg = Release|Win32
		{6D8A285A-C13E-49C0-A317-7BC11AB488CC}.Release|x86.Build.0 = Release|Win32
	EndGlobalSection
	GlobalSection(SolutionProperties) = preSolution
		HideSolutionNode = FALSE
	EndGlobalSection
	GlobalSection(ExtensibilityGlobals) = postSolution
		SolutionGuid = {4894DA51-6A06-47CB-A3C5-94F55DD0F555}
	EndGlobalSection
EndGlobal
